
Microsoft Visual Studio Solution File, Format Version 12.00
# Visual Studio Version 17
VisualStudioVersion = 17.3.32825.248
MinimumVisualStudioVersion = 10.0.40219.1
Project("{FAE04EC0-301F-11D3-BF4B-00C04F79EFBC}") = "webapi-net6-options-pattern", "webapi-net6-options-pattern.csproj", "{9A91C7CB-0466-4A27-947C-7EF52BD2FBBD}"
EndProject
Global
	GlobalSection(SolutionConfigurationPlatforms) = preSolution
		Debug|Any CPU = Debug|Any CPU
		Release|Any CPU = Release|Any CPU
	EndGlobalSection
	GlobalSection(ProjectConfigurationPlatforms) = postSolution
		{9A91C7CB-0466-4A27-947C-7EF52BD2FBBD}.Debug|Any CPU.ActiveCfg = Debug|Any CPU
		{9A91C7CB-0466-4A27-947C-7EF52BD2FBBD}.Debug|Any CPU.Build.0 = Debug|Any CPU
		{9A91C7CB-0466-4A27-947C-7EF52BD2FBBD}.Release|Any CPU.ActiveCfg = Release|Any CPU
		{9A91C7CB-0466-4A27-947C-7EF52BD2FBBD}.Release|Any CPU.Build.0 = Release|Any CPU
	EndGlobalSection
	GlobalSection(SolutionProperties) = preSolution
		HideSolutionNode = FALSE
	EndGlobalSection
	GlobalSection(ExtensibilityGlobals) = postSolution
		SolutionGuid = {5E4B95A0-F523-488B-8417-5E0D26A43BF5}
	EndGlobalSection
EndGlobal
